
Microsoft Visual Studio Solution File, Format Version 12.00
# Visual Studio Version 16
VisualStudioVersion = 16.0.29905.134
MinimumVisualStudioVersion = 10.0.40219.1
Project("{9A19103F-16F7-4668-BE54-9A1E7A4F7556}") = "LR8", "LR5\LR8.csproj", "{38BFAE92-FABA-4A3A-99BB-03AECD16212E}"
EndProject
Global
	GlobalSection(SolutionConfigurationPlatforms) = preSolution
		Debug|Any CPU = Debug|Any CPU
		Release|Any CPU = Release|Any CPU
	EndGlobalSection
	GlobalSection(ProjectConfigurationPlatforms) = postSolution
		{38BFAE92-FABA-4A3A-99BB-03AECD16212E}.Debug|Any CPU.ActiveCfg = Debug|Any CPU
		{38BFAE92-FABA-4A3A-99BB-03AECD16212E}.Debug|Any CPU.Build.0 = Debug|Any CPU
		{38BFAE92-FABA-4A3A-99BB-03AECD16212E}.Release|Any CPU.ActiveCfg = Release|Any CPU
		{38BFAE92-FABA-4A3A-99BB-03AECD16212E}.Release|Any CPU.Build.0 = Release|Any CPU
	EndGlobalSection
	GlobalSection(SolutionProperties) = preSolution
		HideSolutionNode = FALSE
	EndGlobalSection
	GlobalSection(ExtensibilityGlobals) = postSolution
		SolutionGuid = {E257DA8F-7380-4FE6-A2E1-F4280BAB318B}
	EndGlobalSection
EndGlobal
